
Microsoft Visual Studio Solution File, Format Version 12.00
# Visual Studio Version 17
VisualStudioVersion = 17.0.32112.339
MinimumVisualStudioVersion = 10.0.40219.1
Project("{FAE04EC0-301F-11D3-BF4B-00C04F79EFBC}") = "CSharpRecords", "CSharpRecords.csproj", "{3D8DF51C-9A54-4BF9-A50B-7063696AEC40}"
EndProject
Global
	GlobalSection(SolutionConfigurationPlatforms) = preSolution
		Debug|Any CPU = Debug|Any CPU
		Release|Any CPU = Release|Any CPU
	EndGlobalSection
	GlobalSection(ProjectConfigurationPlatforms) = postSolution
		{3D8DF51C-9A54-4BF9-A50B-7063696AEC40}.Debug|Any CPU.ActiveCfg = Debug|Any CPU
		{3D8DF51C-9A54-4BF9-A50B-7063696AEC40}.Debug|Any CPU.Build.0 = Debug|Any CPU
		{3D8DF51C-9A54-4BF9-A50B-7063696AEC40}.Release|Any CPU.ActiveCfg = Release|Any CPU
		{3D8DF51C-9A54-4BF9-A50B-7063696AEC40}.Release|Any CPU.Build.0 = Release|Any CPU
	EndGlobalSection
	GlobalSection(SolutionProperties) = preSolution
		HideSolutionNode = FALSE
	EndGlobalSection
	GlobalSection(ExtensibilityGlobals) = postSolution
		SolutionGuid = {6A0B6BA1-8F59-4BC5-B089-33075FB7CA12}
	EndGlobalSection
EndGlobal
